# This file is @generated by PDM.
# It is not intended for manual editing.

[metadata]
groups = ["default", "dev"]
strategy = ["inherit_metadata"]
lock_version = "4.5.0"
content_hash = "sha256:11cd6a50b5a4eaac6d0321320bfac13bef7bf0c095e25156395bcdf60add27be"

[[metadata.targets]]
requires_python = ">=3.13"

[[package]]
name = "behave"
version = "1.3.3"
requires_python = "!=3.0.*,!=3.1.*,!=3.2.*,>=2.7"
summary = "behave is behaviour-driven development, Python style"
groups = ["default", "dev"]
dependencies = [
    "colorama>=0.3.7",
    "contextlib2; python_version < \"3.5\"",
    "cucumber-expressions>=17.1.0; python_version >= \"3.8\"",
    "cucumber-tag-expressions>=4.1.0",
    "enum34; python_version < \"3.4\"",
    "parse-type>=0.6.0",
    "parse>=1.18.0",
    "pathlib2>=2.3.6; python_version < \"3.6\"",
    "pathlib; python_version < \"3.4\"",
    "scandir>=1.10.0; python_version < \"3.5\"",
    "six>=1.15.0",
    "toml>=0.10.2; python_version < \"3.0\"",
    "tomli>=1.1.0; python_version >= \"3.0\" and python_version < \"3.11\"",
    "traceback2; python_version < \"3.0\"",
    "win-unicode-console; python_version <= \"3.9\"",
]
files = [
    {file = "behave-1.3.3-py2.py3-none-any.whl", hash = "sha256:89bdb62af8fb9f147ce245736a5de69f025e5edfb66f1fbe16c5007493f842c0"},
    {file = "behave-1.3.3.tar.gz", hash = "sha256:2b8f4b64ed2ea756a5a2a73e23defc1c4631e9e724c499e46661778453ebaf51"},
]

[[package]]
name = "colorama"
version = "0.4.6"
requires_python = "!=3.0.*,!=3.1.*,!=3.2.*,!=3.3.*,!=3.4.*,!=3.5.*,!=3.6.*,>=2.7"
summary = "Cross-platform colored terminal text."
groups = ["default", "dev"]
files = [
    {file = "colorama-0.4.6-py2.py3-none-any.whl", hash = "sha256:4f1d9991f5acc0ca119f9d443620b77f9d6b33703e51011c16baf57afb285fc6"},
    {file = "colorama-0.4.6.tar.gz", hash = "sha256:08695f5cb7ed6e0531a20572697297273c47b8cae5a63ffc6d6ed5c201be6e44"},
]

[[package]]
name = "cucumber-expressions"
version = "18.0.1"
requires_python = "<4.0,>=3.8"
summary = "Cucumber Expressions - a simpler alternative to Regular Expressions"
groups = ["default", "dev"]
marker = "python_version >= \"3.8\""
files = [
    {file = "cucumber_expressions-18.0.1-py3-none-any.whl", hash = "sha256:86230d503cdda7ef35a1f2072a882d7d57c740aa4c163c82b07f039b6bc60c42"},
    {file = "cucumber_expressions-18.0.1.tar.gz", hash = "sha256:86ce41bf28ee520408416f38022e5a083d815edf04a0bd1dae46d474ca597c60"},
]

[[package]]
name = "cucumber-tag-expressions"
version = "8.0.0"
requires_python = ">=3.10"
summary = "Provides a tag-expression parser and evaluation logic for cucumber/behave"
groups = ["default", "dev"]
files = [
    {file = "cucumber_tag_expressions-8.0.0-py3-none-any.whl", hash = "sha256:bfe552226f62a4462ee91c9643582f524af84ac84952643fb09057580cbb110a"},
    {file = "cucumber_tag_expressions-8.0.0.tar.gz", hash = "sha256:4af80282ff0349918c332428176089094019af6e2a381a2fd8f1c62a7a6bb7e8"},
]

[[package]]
name = "parse"
version = "1.20.2"
summary = "parse() is the opposite of format()"
groups = ["default", "dev"]
files = [
    {file = "parse-1.20.2-py2.py3-none-any.whl", hash = "sha256:967095588cb802add9177d0c0b6133b5ba33b1ea9007ca800e526f42a85af558"},
    {file = "parse-1.20.2.tar.gz", hash = "sha256:b41d604d16503c79d81af5165155c0b20f6c8d6c559efa66b4b695c3e5a0a0ce"},
]

[[package]]
name = "parse-type"
version = "0.6.6"
requires_python = "!=3.0.*,!=3.1.*,>=2.7"
summary = "Simplifies to build parse types based on the parse module"
groups = ["default", "dev"]
dependencies = [
    "enum34; python_version < \"3.4\"",
    "parse>=1.13.1; python_version <= \"2.7\"",
    "parse>=1.18.0; python_version >= \"3.0\"",
    "six>=1.15",
]
files = [
    {file = "parse_type-0.6.6-py2.py3-none-any.whl", hash = "sha256:3ca79bbe71e170dfccc8ec6c341edfd1c2a0fc1e5cfd18330f93af938de2348c"},
    {file = "parse_type-0.6.6.tar.gz", hash = "sha256:513a3784104839770d690e04339a8b4d33439fcd5dd99f2e4580f9fc1097bfb2"},
]

[[package]]
name = "six"
version = "1.17.0"
requires_python = "!=3.0.*,!=3.1.*,!=3.2.*,>=2.7"
summary = "Python 2 and 3 compatibility utilities"
groups = ["default", "dev"]
files = [
    {file = "six-1.17.0-py2.py3-none-any.whl", hash = "sha256:4721f391ed90541fddacab5acf947aa0d3dc7d27b2e1e8eda2be8970586c3274"},
    {file = "six-1.17.0.tar.gz", hash = "sha256:ff70335d468e7eb6ec65b95b99d3a2836546063f63acc5171de367e834932a81"},
]
